# This file was autogenerated by Stack.
# You should not edit this file by hand.
# For more information, please see the documentation at:
#   https://docs.haskellstack.org/en/stable/lock_files

packages:
- completed:
    hackage: json-stream-0.4.2.4@sha256:c605847382f1f2458a09d379998ff44805a4a4fa6346ba4786fd239b23282244,4759
    pantry-tree:
      size: 2055
      sha256: c8390902f25e97ed1f016bb01fde3d5e145c497b4f5f9ea0c26a8d1c58023a62
  original:
    hackage: json-stream-0.4.2.4@sha256:c605847382f1f2458a09d379998ff44805a4a4fa6346ba4786fd239b23282244,4759
snapshots:
- completed:
    size: 590102
    url: https://raw.githubusercontent.com/commercialhaskell/stackage-snapshots/master/lts/18/26.yaml
    sha256: e76d109964d9335abb412e22139c5bce3078be290ac6d90b8ecea6cc009bb198
  original:
    url: https://raw.githubusercontent.com/commercialhaskell/stackage-snapshots/master/lts/18/26.yaml
